Microsoft Visual Studio Solution File, Format Version 12.00
# Visual Studio Version 16
VisualStudioVersion = 16.0.28803.352
MinimumVisualStudioVersion = 10.0.40219.1
Project("{9A19103F-16F7-4668-BE54-9A1E7A4F7556}") = "Discord.Net.Core", "src\Discord.Net.Core\Discord.Net.Core.csproj", "{91E9E7BD-75C9-4E98-84AA-2C271922E5C2}"
EndProject
Project("{2150E333-8FDC-42A3-9474-1A3956D46DE8}") = "Project", "Project", "{BB59D5B5-E7B0-4BF4-8F82-D14431B2799B}"
EndProject
Project("{9A19103F-16F7-4668-BE54-9A1E7A4F7556}") = "Unity", "samples\01_basic_ping_bot\Unity.csproj", "{F2FF84FB-F6AD-47E5-9EE5-18206CAE136E}"
EndProject
Project("{9A19103F-16F7-4668-BE54-9A1E7A4F7556}") = "Discord.Net.Rest", "src\Discord.Net.Rest\Discord.Net.Rest.csproj", "{2E111A6F-51F2-4F55-BD56-EEB341E4760D}"
EndProject
Project("{9A19103F-16F7-4668-BE54-9A1E7A4F7556}") = "Discord.Net.WebSocket", "src\Discord.Net.WebSocket\Discord.Net.WebSocket.csproj", "{2F105E86-6909-445D-A202-B021AA05CE4F}"
EndProject
Project("{9A19103F-16F7-4668-BE54-9A1E7A4F7556}") = "Discord.Net.Analyzers", "src\Discord.Net.Analyzers\Discord.Net.Analyzers.csproj", "{1E90F9D0-2848-49AF-9A8E-7DD68B19AEBC}"
EndProject
Project("{9A19103F-16F7-4668-BE54-9A1E7A4F7556}") = "Discord.Net.Commands", "src\Discord.Net.Commands\Discord.Net.Commands.csproj", "{AEE943E6-D682-4158-BDBF-A8A50F6C1892}"
EndProject
Project("{9A19103F-16F7-4668-BE54-9A1E7A4F7556}") = "Discord.Net.Providers.WS4Net", "src\Discord.Net.Providers.WS4Net\Discord.Net.Providers.WS4Net.csproj", "{EEC32AEB-F727-4A87-B84B-ED3A09EB5A69}"
EndProject
Project("{9A19103F-16F7-4668-BE54-9A1E7A4F7556}") = "Discord.Net.Webhook", "src\Discord.Net.Webhook\Discord.Net.Webhook.csproj", "{FA97C55F-610A-475E-9803-CEA83C9174DB}"
EndProject
Project("{9A19103F-16F7-4668-BE54-9A1E7A4F7556}") = "DiscordBot", "src\Discord\NinestonesBot\DiscordBot.csproj", "{2E91DE7C-FD48-4359-9DB8-BC44AE73223D}"
EndProject
Project("{FAE04EC0-301F-11D3-BF4B-00C04F79EFBC}") = "WebHookReceiver", "WebHookReceiver\WebHookReceiver.csproj", "{74529A1D-F963-437F-83F3-E09B8CACDEC5}"
EndProject
Global
	GlobalSection(SolutionConfigurationPlatforms) = preSolution
		Debug|Any CPU = Debug|Any CPU
		Debug|x64 = Debug|x64
		Debug|x86 = Debug|x86
		Release|Any CPU = Release|Any CPU
		Release|x64 = Release|x64
		Release|x86 = Release|x86
	EndGlobalSection
	GlobalSection(ProjectConfigurationPlatforms) = postSolution
		{91E9E7BD-75C9-4E98-84AA-2C271922E5C2}.Debug|Any CPU.ActiveCfg = Debug|Any CPU
		{91E9E7BD-75C9-4E98-84AA-2C271922E5C2}.Debug|Any CPU.Build.0 = Debug|Any CPU
		{91E9E7BD-75C9-4E98-84AA-2C271922E5C2}.Debug|x64.ActiveCfg = Debug|Any CPU
		{91E9E7BD-75C9-4E98-84AA-2C271922E5C2}.Debug|x64.Build.0 = Debug|Any CPU
		{91E9E7BD-75C9-4E98-84AA-2C271922E5C2}.Debug|x86.ActiveCfg = Debug|Any CPU
		{91E9E7BD-75C9-4E98-84AA-2C271922E5C2}.Debug|x86.Build.0 = Debug|Any CPU
		{91E9E7BD-75C9-4E98-84AA-2C271922E5C2}.Release|Any CPU.ActiveCfg = Release|Any CPU
		{91E9E7BD-75C9-4E98-84AA-2C271922E5C2}.Release|Any CPU.Build.0 = Release|Any CPU
		{91E9E7BD-75C9-4E98-84AA-2C271922E5C2}.Release|x64.ActiveCfg = Release|Any CPU
		{91E9E7BD-75C9-4E98-84AA-2C271922E5C2}.Release|x64.Build.0 = Release|Any CPU
		{91E9E7BD-75C9-4E98-84AA-2C271922E5C2}.Release|x86.ActiveCfg = Release|Any CPU
		{91E9E7BD-75C9-4E98-84AA-2C271922E5C2}.Release|x86.Build.0 = Release|Any CPU
		{F2FF84FB-F6AD-47E5-9EE5-18206CAE136E}.Debug|Any CPU.ActiveCfg = Debug|Any CPU
		{F2FF84FB-F6AD-47E5-9EE5-18206CAE136E}.Debug|Any CPU.Build.0 = Debug|Any CPU
		{F2FF84FB-F6AD-47E5-9EE5-18206CAE136E}.Debug|x64.ActiveCfg = Debug|Any CPU
		{F2FF84FB-F6AD-47E5-9EE5-18206CAE136E}.Debug|x64.Build.0 = Debug|Any CPU
		{F2FF84FB-F6AD-47E5-9EE5-18206CAE136E}.Debug|x86.ActiveCfg = Debug|Any CPU
		{F2FF84FB-F6AD-47E5-9EE5-18206CAE136E}.Debug|x86.Build.0 = Debug|Any CPU
		{F2FF84FB-F6AD-47E5-9EE5-18206CAE136E}.Release|Any CPU.ActiveCfg = Release|Any CPU
		{F2FF84FB-F6AD-47E5-9EE5-18206CAE136E}.Release|Any CPU.Build.0 = Release|Any CPU
		{F2FF84FB-F6AD-47E5-9EE5-18206CAE136E}.Release|x64.ActiveCfg = Release|Any CPU
		{F2FF84FB-F6AD-47E5-9EE5-18206CAE136E}.Release|x64.Build.0 = Release|Any CPU
		{F2FF84FB-F6AD-47E5-9EE5-18206CAE136E}.Release|x86.ActiveCfg = Release|Any CPU
		{F2FF84FB-F6AD-47E5-9EE5-18206CAE136E}.Release|x86.Build.0 = Release|Any CPU
		{2E111A6F-51F2-4F55-BD56-EEB341E4760D}.Debug|Any CPU.ActiveCfg = Debug|Any CPU
		{2E111A6F-51F2-4F55-BD56-EEB341E4760D}.Debug|Any CPU.Build.0 = Debug|Any CPU
		{2E111A6F-51F2-4F55-BD56-EEB341E4760D}.Debug|x64.ActiveCfg = Debug|Any CPU
		{2E111A6F-51F2-4F55-BD56-EEB341E4760D}.Debug|x64.Build.0 = Debug|Any CPU
		{2E111A6F-51F2-4F55-BD56-EEB341E4760D}.Debug|x86.ActiveCfg = Debug|Any CPU
		{2E111A6F-51F2-4F55-BD56-EEB341E4760D}.Debug|x86.Build.0 = Debug|Any CPU
		{2E111A6F-51F2-4F55-BD56-EEB341E4760D}.Release|Any CPU.ActiveCfg = Release|Any CPU
		{2E111A6F-51F2-4F55-BD56-EEB341E4760D}.Release|Any CPU.Build.0 = Release|Any CPU
		{2E111A6F-51F2-4F55-BD56-EEB341E4760D}.Release|x64.ActiveCfg = Release|Any CPU
		{2E111A6F-51F2-4F55-BD56-EEB341E4760D}.Release|x64.Build.0 = Release|Any CPU
		{2E111A6F-51F2-4F55-BD56-EEB341E4760D}.Release|x86.ActiveCfg = Release|Any CPU
		{2E111A6F-51F2-4F55-BD56-EEB341E4760D}.Release|x86.Build.0 = Release|Any CPU
		{2F105E86-6909-445D-A202-B021AA05CE4F}.Debug|Any CPU.ActiveCfg = Debug|Any CPU
		{2F105E86-6909-445D-A202-B021AA05CE4F}.Debug|Any CPU.Build.0 = Debug|Any CPU
		{2F105E86-6909-445D-A202-B021AA05CE4F}.Debug|x64.ActiveCfg = Debug|Any CPU
		{2F105E86-6909-445D-A202-B021AA05CE4F}.Debug|x64.Build.0 = Debug|Any CPU
		{2F105E86-6909-445D-A202-B021AA05CE4F}.Debug|x86.ActiveCfg = Debug|Any CPU
		{2F105E86-6909-445D-A202-B021AA05CE4F}.Debug|x86.Build.0 = Debug|Any CPU
		{2F105E86-6909-445D-A202-B021AA05CE4F}.Release|Any CPU.ActiveCfg = Release|Any CPU
		{2F105E86-6909-445D-A202-B021AA05CE4F}.Release|Any CPU.Build.0 = Release|Any CPU
		{2F105E86-6909-445D-A202-B021AA05CE4F}.Release|x64.ActiveCfg = Release|Any CPU
		{2F105E86-6909-445D-A202-B021AA05CE4F}.Release|x64.Build.0 = Release|Any CPU
		{2F105E86-6909-445D-A202-B021AA05CE4F}.Release|x86.ActiveCfg = Release|Any CPU
		{2F105E86-6909-445D-A202-B021AA05CE4F}.Release|x86.Build.0 = Release|Any CPU
		{1E90F9D0-2848-49AF-9A8E-7DD68B19AEBC}.Debug|Any CPU.ActiveCfg = Debug|Any CPU
		{1E90F9D0-2848-49AF-9A8E-7DD68B19AEBC}.Debug|Any CPU.Build.0 = Debug|Any CPU
		{1E90F9D0-2848-49AF-9A8E-7DD68B19AEBC}.Debug|x64.ActiveCfg = Debug|Any CPU
		{1E90F9D0-2848-49AF-9A8E-7DD68B19AEBC}.Debug|x64.Build.0 = Debug|Any CPU
		{1E90F9D0-2848-49AF-9A8E-7DD68B19AEBC}.Debug|x86.ActiveCfg = Debug|Any CPU
		{1E90F9D0-2848-49AF-9A8E-7DD68B19AEBC}.Debug|x86.Build.0 = Debug|Any CPU
		{1E90F9D0-2848-49AF-9A8E-7DD68B19AEBC}.Release|Any CPU.ActiveCfg = Release|Any CPU
		{1E90F9D0-2848-49AF-9A8E-7DD68B19AEBC}.Release|Any CPU.Build.0 = Release|Any CPU
		{1E90F9D0-2848-49AF-9A8E-7DD68B19AEBC}.Release|x64.ActiveCfg = Release|Any CPU
		{1E90F9D0-2848-49AF-9A8E-7DD68B19AEBC}.Release|x64.Build.0 = Release|Any CPU
		{1E90F9D0-2848-49AF-9A8E-7DD68B19AEBC}.Release|x86.ActiveCfg = Release|Any CPU
		{1E90F9D0-2848-49AF-9A8E-7DD68B19AEBC}.Release|x86.Build.0 = Release|Any CPU
		{AEE943E6-D682-4158-BDBF-A8A50F6C1892}.Debug|Any CPU.ActiveCfg = Debug|Any CPU
		{AEE943E6-D682-4158-BDBF-A8A50F6C1892}.Debug|Any CPU.Build.0 = Debug|Any CPU
		{AEE943E6-D682-4158-BDBF-A8A50F6C1892}.Debug|x64.ActiveCfg = Debug|Any CPU
		{AEE943E6-D682-4158-BDBF-A8A50F6C1892}.Debug|x64.Build.0 = Debug|Any CPU
		{AEE943E6-D682-4158-BDBF-A8A50F6C1892}.Debug|x86.ActiveCfg = Debug|Any CPU
		{AEE943E6-D682-4158-BDBF-A8A50F6C1892}.Debug|x86.Build.0 = Debug|Any CPU
		{AEE943E6-D682-4158-BDBF-A8A50F6C1892}.Release|Any CPU.ActiveCfg = Release|Any CPU
		{AEE943E6-D682-4158-BDBF-A8A50F6C1892}.Release|Any CPU.Build.0 = Release|Any CPU
		{AEE943E6-D682-4158-BDBF-A8A50F6C1892}.Release|x64.ActiveCfg = Release|Any CPU
		{AEE943E6-D682-4158-BDBF-A8A50F6C1892}.Release|x64.Build.0 = Release|Any CPU
		{AEE943E6-D682-4158-BDBF-A8A50F6C1892}.Release|x86.ActiveCfg = Release|Any CPU
		{AEE943E6-D682-4158-BDBF-A8A50F6C1892}.Release|x86.Build.0 = Release|Any CPU
		{EEC32AEB-F727-4A87-B84B-ED3A09EB5A69}.Debug|Any CPU.ActiveCfg = Debug|Any CPU
		{EEC32AEB-F727-4A87-B84B-ED3A09EB5A69}.Debug|Any CPU.Build.0 = Debug|Any CPU
		{EEC32AEB-F727-4A87-B84B-ED3A09EB5A69}.Debug|x64.ActiveCfg = Debug|Any CPU
		{EEC32AEB-F727-4A87-B84B-ED3A09EB5A69}.Debug|x64.Build.0 = Debug|Any CPU
		{EEC32AEB-F727-4A87-B84B-ED3A09EB5A69}.Debug|x86.ActiveCfg = Debug|Any CPU
		{EEC32AEB-F727-4A87-B84B-ED3A09EB5A69}.Debug|x86.Build.0 = Debug|Any CPU
		{EEC32AEB-F727-4A87-B84B-ED3A09EB5A69}.Release|Any CPU.ActiveCfg = Release|Any CPU
		{EEC32AEB-F727-4A87-B84B-ED3A09EB5A69}.Release|Any CPU.Build.0 = Release|Any CPU
		{EEC32AEB-F727-4A87-B84B-ED3A09EB5A69}.Release|x64.ActiveCfg = Release|Any CPU
		{EEC32AEB-F727-4A87-B84B-ED3A09EB5A69}.Release|x64.Build.0 = Release|Any CPU
		{EEC32AEB-F727-4A87-B84B-ED3A09EB5A69}.Release|x86.ActiveCfg = Release|Any CPU
		{EEC32AEB-F727-4A87-B84B-ED3A09EB5A69}.Release|x86.Build.0 = Release|Any CPU
		{FA97C55F-610A-475E-9803-CEA83C9174DB}.Debug|Any CPU.ActiveCfg = Debug|Any CPU
		{FA97C55F-610A-475E-9803-CEA83C9174DB}.Debug|Any CPU.Build.0 = Debug|Any CPU
		{FA97C55F-610A-475E-9803-CEA83C9174DB}.Debug|x64.ActiveCfg = Debug|Any CPU
		{FA97C55F-610A-475E-9803-CEA83C9174DB}.Debug|x64.Build.0 = Debug|Any CPU
		{FA97C55F-610A-475E-9803-CEA83C9174DB}.Debug|x86.ActiveCfg = Debug|Any CPU
		{FA97C55F-610A-475E-9803-CEA83C9174DB}.Debug|x86.Build.0 = Debug|Any CPU
		{FA97C55F-610A-475E-9803-CEA83C9174DB}.Release|Any CPU.ActiveCfg = Release|Any CPU
		{FA97C55F-610A-475E-9803-CEA83C9174DB}.Release|Any CPU.Build.0 = Release|Any CPU
		{FA97C55F-610A-475E-9803-CEA83C9174DB}.Release|x64.ActiveCfg = Release|Any CPU
		{FA97C55F-610A-475E-9803-CEA83C9174DB}.Release|x64.Build.0 = Release|Any CPU
		{FA97C55F-610A-475E-9803-CEA83C9174DB}.Release|x86.ActiveCfg = Release|Any CPU
		{FA97C55F-610A-475E-9803-CEA83C9174DB}.Release|x86.Build.0 = Release|Any CPU
		{2E91DE7C-FD48-4359-9DB8-BC44AE73223D}.Debug|Any CPU.ActiveCfg = Debug|Any CPU
		{2E91DE7C-FD48-4359-9DB8-BC44AE73223D}.Debug|Any CPU.Build.0 = Debug|Any CPU
		{2E91DE7C-FD48-4359-9DB8-BC44AE73223D}.Debug|x64.ActiveCfg = Debug|Any CPU
		{2E91DE7C-FD48-4359-9DB8-BC44AE73223D}.Debug|x64.Build.0 = Debug|Any CPU
		{2E91DE7C-FD48-4359-9DB8-BC44AE73223D}.Debug|x86.ActiveCfg = Debug|Any CPU
		{2E91DE7C-FD48-4359-9DB8-BC44AE73223D}.Debug|x86.Build.0 = Debug|Any CPU
		{2E91DE7C-FD48-4359-9DB8-BC44AE73223D}.Release|Any CPU.ActiveCfg = Release|Any CPU
		{2E91DE7C-FD48-4359-9DB8-BC44AE73223D}.Release|Any CPU.Build.0 = Release|Any CPU
		{2E91DE7C-FD48-4359-9DB8-BC44AE73223D}.Release|x64.ActiveCfg = Release|Any CPU
		{2E91DE7C-FD48-4359-9DB8-BC44AE73223D}.Release|x64.Build.0 = Release|Any CPU
		{2E91DE7C-FD48-4359-9DB8-BC44AE73223D}.Release|x86.ActiveCfg = Release|Any CPU
		{2E91DE7C-FD48-4359-9DB8-BC44AE73223D}.Release|x86.Build.0 = Release|Any CPU
		{74529A1D-F963-437F-83F3-E09B8CACDEC5}.Debug|Any CPU.ActiveCfg = Debug|Any CPU
		{74529A1D-F963-437F-83F3-E09B8CACDEC5}.Debug|Any CPU.Build.0 = Debug|Any CPU
		{74529A1D-F963-437F-83F3-E09B8CACDEC5}.Debug|x64.ActiveCfg = Debug|Any CPU
		{74529A1D-F963-437F-83F3-E09B8CACDEC5}.Debug|x64.Build.0 = Debug|Any CPU
		{74529A1D-F963-437F-83F3-E09B8CACDEC5}.Debug|x86.ActiveCfg = Debug|Any CPU
		{74529A1D-F963-437F-83F3-E09B8CACDEC5}.Debug|x86.Build.0 = Debug|Any CPU
		{74529A1D-F963-437F-83F3-E09B8CACDEC5}.Release|Any CPU.ActiveCfg = Release|Any CPU
		{74529A1D-F963-437F-83F3-E09B8CACDEC5}.Release|Any CPU.Build.0 = Release|Any CPU
		{74529A1D-F963-437F-83F3-E09B8CACDEC5}.Release|x64.ActiveCfg = Release|Any CPU
		{74529A1D-F963-437F-83F3-E09B8CACDEC5}.Release|x64.Build.0 = Release|Any CPU
		{74529A1D-F963-437F-83F3-E09B8CACDEC5}.Release|x86.ActiveCfg = Release|Any CPU
		{74529A1D-F963-437F-83F3-E09B8CACDEC5}.Release|x86.Build.0 = Release|Any CPU
	EndGlobalSection
	GlobalSection(SolutionProperties) = preSolution
		HideSolutionNode = FALSE
	EndGlobalSection
	GlobalSection(NestedProjects) = preSolution
		{F2FF84FB-F6AD-47E5-9EE5-18206CAE136E} = {BB59D5B5-E7B0-4BF4-8F82-D14431B2799B}
		{2E111A6F-51F2-4F55-BD56-EEB341E4760D} = {BB59D5B5-E7B0-4BF4-8F82-D14431B2799B}
		{2F105E86-6909-445D-A202-B021AA05CE4F} = {BB59D5B5-E7B0-4BF4-8F82-D14431B2799B}
		{1E90F9D0-2848-49AF-9A8E-7DD68B19AEBC} = {BB59D5B5-E7B0-4BF4-8F82-D14431B2799B}
		{AEE943E6-D682-4158-BDBF-A8A50F6C1892} = {BB59D5B5-E7B0-4BF4-8F82-D14431B2799B}
		{EEC32AEB-F727-4A87-B84B-ED3A09EB5A69} = {BB59D5B5-E7B0-4BF4-8F82-D14431B2799B}
		{FA97C55F-610A-475E-9803-CEA83C9174DB} = {BB59D5B5-E7B0-4BF4-8F82-D14431B2799B}
		{2E91DE7C-FD48-4359-9DB8-BC44AE73223D} = {BB59D5B5-E7B0-4BF4-8F82-D14431B2799B}
		{74529A1D-F963-437F-83F3-E09B8CACDEC5} = {BB59D5B5-E7B0-4BF4-8F82-D14431B2799B}
	EndGlobalSection
	GlobalSection(ExtensibilityGlobals) = postSolution
		SolutionGuid = {D2404771-EEC8-45F2-9D71-F3373F6C1495}
	EndGlobalSection
	GlobalSection(CodealikeProperties) = postSolution
		SolutionGuid = a45217b4-a401-4dbf-8654-34d2ec034cd9
	EndGlobalSection
EndGlobal
